
Microsoft Visual Studio Solution File, Format Version 12.00
# Visual Studio Version 17
VisualStudioVersion = 17.14.36518.9
MinimumVisualStudioVersion = 10.0.40219.1
Project("{FAE04EC0-301F-11D3-BF4B-00C04F79EFBC}") = "ConstructionERP.API", "ConstructionERP.API\ConstructionERP.API.csproj", "{2123DD11-8A06-4197-8A36-95FC0ED06639}"
EndProject
Project("{FAE04EC0-301F-11D3-BF4B-00C04F79EFBC}") = "ConstructionERP.Domain", "ConstructionERP.Domain\ConstructionERP.Domain.csproj", "{4884F81C-CFBD-4489-9CF8-530A5E73EBF2}"
EndProject
Project("{FAE04EC0-301F-11D3-BF4B-00C04F79EFBC}") = "ConstructionERP.Application", "ConstructionERP.Application\ConstructionERP.Application.csproj", "{A9D3CCF7-EE45-480F-A467-44F91F247ED2}"
EndProject
Project("{FAE04EC0-301F-11D3-BF4B-00C04F79EFBC}") = "ConstructionERP.Infrastructure", "ConstructionERP.Infrastructure\ConstructionERP.Infrastructure.csproj", "{4CE9223E-C2E4-4B57-9D05-1BBC724B6563}"
EndProject
Project("{2150E333-8FDC-42A3-9474-1A3956D46DE8}") = "Solution Items", "Solution Items", "{8EC462FD-D22E-90A8-E5CE-7E832BA40C5D}"
	ProjectSection(SolutionItems) = preProject
		.gitignore = .gitignore
	EndProjectSection
EndProject
Global
	GlobalSection(SolutionConfigurationPlatforms) = preSolution
		Debug|Any CPU = Debug|Any CPU
		Release|Any CPU = Release|Any CPU
	EndGlobalSection
	GlobalSection(ProjectConfigurationPlatforms) = postSolution
		{2123DD11-8A06-4197-8A36-95FC0ED06639}.Debug|Any CPU.ActiveCfg = Debug|Any CPU
		{2123DD11-8A06-4197-8A36-95FC0ED06639}.Debug|Any CPU.Build.0 = Debug|Any CPU
		{2123DD11-8A06-4197-8A36-95FC0ED06639}.Release|Any CPU.ActiveCfg = Release|Any CPU
		{2123DD11-8A06-4197-8A36-95FC0ED06639}.Release|Any CPU.Build.0 = Release|Any CPU
		{4884F81C-CFBD-4489-9CF8-530A5E73EBF2}.Debug|Any CPU.ActiveCfg = Debug|Any CPU
		{4884F81C-CFBD-4489-9CF8-530A5E73EBF2}.Debug|Any CPU.Build.0 = Debug|Any CPU
		{4884F81C-CFBD-4489-9CF8-530A5E73EBF2}.Release|Any CPU.ActiveCfg = Release|Any CPU
		{4884F81C-CFBD-4489-9CF8-530A5E73EBF2}.Release|Any CPU.Build.0 = Release|Any CPU
		{A9D3CCF7-EE45-480F-A467-44F91F247ED2}.Debug|Any CPU.ActiveCfg = Debug|Any CPU
		{A9D3CCF7-EE45-480F-A467-44F91F247ED2}.Debug|Any CPU.Build.0 = Debug|Any CPU
		{A9D3CCF7-EE45-480F-A467-44F91F247ED2}.Release|Any CPU.ActiveCfg = Release|Any CPU
		{A9D3CCF7-EE45-480F-A467-44F91F247ED2}.Release|Any CPU.Build.0 = Release|Any CPU
		{4CE9223E-C2E4-4B57-9D05-1BBC724B6563}.Debug|Any CPU.ActiveCfg = Debug|Any CPU
		{4CE9223E-C2E4-4B57-9D05-1BBC724B6563}.Debug|Any CPU.Build.0 = Debug|Any CPU
		{4CE9223E-C2E4-4B57-9D05-1BBC724B6563}.Release|Any CPU.ActiveCfg = Release|Any CPU
		{4CE9223E-C2E4-4B57-9D05-1BBC724B6563}.Release|Any CPU.Build.0 = Release|Any CPU
	EndGlobalSection
	GlobalSection(SolutionProperties) = preSolution
		HideSolutionNode = FALSE
	EndGlobalSection
	GlobalSection(ExtensibilityGlobals) = postSolution
		SolutionGuid = {4E95C4B8-4F6F-451F-B396-6D79BA2E08C2}
	EndGlobalSection
EndGlobal
